
Microsoft Visual Studio Solution File, Format Version 12.00
# Visual Studio Version 17
VisualStudioVersion = 17.10.35013.160
MinimumVisualStudioVersion = 10.0.40219.1
Project("{FAE04EC0-301F-11D3-BF4B-00C04F79EFBC}") = "J1939Library", "J1939Library\J1939Library.csproj", "{504B745E-210E-4318-B361-D5BA1A4683B5}"
EndProject
Project("{9A19103F-16F7-4668-BE54-9A1E7A4F7556}") = "ZLG.CAN", "..\ZLG.CAN\ZLG.CAN\ZLG.CAN.csproj", "{DC91BAF0-711F-4229-87D8-9D98B3A98398}"
EndProject
Global
	GlobalSection(SolutionConfigurationPlatforms) = preSolution
		Debug|Any CPU = Debug|Any CPU
		Release|Any CPU = Release|Any CPU
	EndGlobalSection
	GlobalSection(ProjectConfigurationPlatforms) = postSolution
		{504B745E-210E-4318-B361-D5BA1A4683B5}.Debug|Any CPU.ActiveCfg = Debug|Any CPU
		{504B745E-210E-4318-B361-D5BA1A4683B5}.Debug|Any CPU.Build.0 = Debug|Any CPU
		{504B745E-210E-4318-B361-D5BA1A4683B5}.Release|Any CPU.ActiveCfg = Release|Any CPU
		{504B745E-210E-4318-B361-D5BA1A4683B5}.Release|Any CPU.Build.0 = Release|Any CPU
		{DC91BAF0-711F-4229-87D8-9D98B3A98398}.Debug|Any CPU.ActiveCfg = Debug|Any CPU
		{DC91BAF0-711F-4229-87D8-9D98B3A98398}.Debug|Any CPU.Build.0 = Debug|Any CPU
		{DC91BAF0-711F-4229-87D8-9D98B3A98398}.Release|Any CPU.ActiveCfg = Release|Any CPU
		{DC91BAF0-711F-4229-87D8-9D98B3A98398}.Release|Any CPU.Build.0 = Release|Any CPU
	EndGlobalSection
	GlobalSection(SolutionProperties) = preSolution
		HideSolutionNode = FALSE
	EndGlobalSection
	GlobalSection(ExtensibilityGlobals) = postSolution
		SolutionGuid = {750C1C0F-32E7-47FE-A18D-659EC8F0C273}
	EndGlobalSection
EndGlobal
